
Microsoft Visual Studio Solution File, Format Version 12.00
# Visual Studio Version 16
VisualStudioVersion = 16.0.31424.327
MinimumVisualStudioVersion = 10.0.40219.1
Project("{FAE04EC0-301F-11D3-BF4B-00C04F79EFBC}") = "EntityFramework", "EntityFramework\EntityFramework.csproj", "{B0A0AB9A-5CA1-4FFE-9125-868011C1FB5A}"
EndProject
Global
	GlobalSection(SolutionConfigurationPlatforms) = preSolution
		Debug|Any CPU = Debug|Any CPU
		Release|Any CPU = Release|Any CPU
	EndGlobalSection
	GlobalSection(ProjectConfigurationPlatforms) = postSolution
		{B0A0AB9A-5CA1-4FFE-9125-868011C1FB5A}.Debug|Any CPU.ActiveCfg = Debug|Any CPU
		{B0A0AB9A-5CA1-4FFE-9125-868011C1FB5A}.Debug|Any CPU.Build.0 = Debug|Any CPU
		{B0A0AB9A-5CA1-4FFE-9125-868011C1FB5A}.Release|Any CPU.ActiveCfg = Release|Any CPU
		{B0A0AB9A-5CA1-4FFE-9125-868011C1FB5A}.Release|Any CPU.Build.0 = Release|Any CPU
	EndGlobalSection
	GlobalSection(SolutionProperties) = preSolution
		HideSolutionNode = FALSE
	EndGlobalSection
	GlobalSection(ExtensibilityGlobals) = postSolution
		SolutionGuid = {0DC78BD8-B490-432A-80CB-F3C61851F6A4}
	EndGlobalSection
EndGlobal
